
Microsoft Visual Studio Solution File, Format Version 12.00
# Visual Studio Version 17
VisualStudioVersion = 17.8.34408.163
MinimumVisualStudioVersion = 10.0.40219.1
Project("{FAE04EC0-301F-11D3-BF4B-00C04F79EFBC}") = "LoopsTask1", "LoopsTask1\LoopsTask1.csproj", "{AD5275B4-FC86-42FC-8CA4-95CD1D9EE76F}"
EndProject
Global
	GlobalSection(SolutionConfigurationPlatforms) = preSolution
		Debug|Any CPU = Debug|Any CPU
		Release|Any CPU = Release|Any CPU
	EndGlobalSection
	GlobalSection(ProjectConfigurationPlatforms) = postSolution
		{AD5275B4-FC86-42FC-8CA4-95CD1D9EE76F}.Debug|Any CPU.ActiveCfg = Debug|Any CPU
		{AD5275B4-FC86-42FC-8CA4-95CD1D9EE76F}.Debug|Any CPU.Build.0 = Debug|Any CPU
		{AD5275B4-FC86-42FC-8CA4-95CD1D9EE76F}.Release|Any CPU.ActiveCfg = Release|Any CPU
		{AD5275B4-FC86-42FC-8CA4-95CD1D9EE76F}.Release|Any CPU.Build.0 = Release|Any CPU
	EndGlobalSection
	GlobalSection(SolutionProperties) = preSolution
		HideSolutionNode = FALSE
	EndGlobalSection
	GlobalSection(ExtensibilityGlobals) = postSolution
		SolutionGuid = {F01F326F-2425-4822-BD47-2A80F46772AB}
	EndGlobalSection
EndGlobal
